
Microsoft Visual Studio Solution File, Format Version 12.00
# Visual Studio Version 17
VisualStudioVersion = 17.3.32929.385
MinimumVisualStudioVersion = 10.0.40219.1
Project("{FAE04EC0-301F-11D3-BF4B-00C04F79EFBC}") = "MultiselectError", "MultiselectError\MultiselectError.csproj", "{18DCCCC5-2EB7-4CAF-9119-CCC92EBE8834}"
EndProject
Global
	GlobalSection(SolutionConfigurationPlatforms) = preSolution
		Debug|Any CPU = Debug|Any CPU
		Release|Any CPU = Release|Any CPU
	EndGlobalSection
	GlobalSection(ProjectConfigurationPlatforms) = postSolution
		{18DCCCC5-2EB7-4CAF-9119-CCC92EBE8834}.Debug|Any CPU.ActiveCfg = Debug|Any CPU
		{18DCCCC5-2EB7-4CAF-9119-CCC92EBE8834}.Debug|Any CPU.Build.0 = Debug|Any CPU
		{18DCCCC5-2EB7-4CAF-9119-CCC92EBE8834}.Release|Any CPU.ActiveCfg = Release|Any CPU
		{18DCCCC5-2EB7-4CAF-9119-CCC92EBE8834}.Release|Any CPU.Build.0 = Release|Any CPU
	EndGlobalSection
	GlobalSection(SolutionProperties) = preSolution
		HideSolutionNode = FALSE
	EndGlobalSection
	GlobalSection(ExtensibilityGlobals) = postSolution
		SolutionGuid = {EC4F60C3-9014-44B8-9E7C-0E48D346E2E2}
	EndGlobalSection
EndGlobal
